
Microsoft Visual Studio Solution File, Format Version 12.00
# Visual Studio Version 17
VisualStudioVersion = 17.11.35327.3
MinimumVisualStudioVersion = 10.0.40219.1
Project("{FAE04EC0-301F-11D3-BF4B-00C04F79EFBC}") = "OptionalParametreyle Belirli Yastan Sonraki Yillari Sayma", "OptionalParametreyle Belirli Yastan Sonraki Yillari Sayma\OptionalParametreyle Belirli Yastan Sonraki Yillari Sayma.csproj", "{8916B654-A151-4C8A-831D-3D62F45E2710}"
EndProject
Global
	GlobalSection(SolutionConfigurationPlatforms) = preSolution
		Debug|Any CPU = Debug|Any CPU
		Release|Any CPU = Release|Any CPU
	EndGlobalSection
	GlobalSection(ProjectConfigurationPlatforms) = postSolution
		{8916B654-A151-4C8A-831D-3D62F45E2710}.Debug|Any CPU.ActiveCfg = Debug|Any CPU
		{8916B654-A151-4C8A-831D-3D62F45E2710}.Debug|Any CPU.Build.0 = Debug|Any CPU
		{8916B654-A151-4C8A-831D-3D62F45E2710}.Release|Any CPU.ActiveCfg = Release|Any CPU
		{8916B654-A151-4C8A-831D-3D62F45E2710}.Release|Any CPU.Build.0 = Release|Any CPU
	EndGlobalSection
	GlobalSection(SolutionProperties) = preSolution
		HideSolutionNode = FALSE
	EndGlobalSection
	GlobalSection(ExtensibilityGlobals) = postSolution
		SolutionGuid = {254D7030-35BD-4AF9-B424-E746FE88705D}
	EndGlobalSection
EndGlobal
